
Microsoft Visual Studio Solution File, Format Version 12.00
# Visual Studio Version 17
VisualStudioVersion = 17.8.34525.116
MinimumVisualStudioVersion = 10.0.40219.1
Project("{FAE04EC0-301F-11D3-BF4B-00C04F79EFBC}") = "01_MainSubjects", "01_MainSubjects\01_MainSubjects.csproj", "{25BE6BF7-18E2-43DA-B4BB-6394A9CAECFA}"
EndProject
Project("{FAE04EC0-301F-11D3-BF4B-00C04F79EFBC}") = "02_Variables", "02_Variables\02_Variables.csproj", "{73580A2D-DE0D-45F0-808D-6CC7441D1D06}"
EndProject
Project("{FAE04EC0-301F-11D3-BF4B-00C04F79EFBC}") = "03_MakingDecision", "03_MakingDecision\03_MakingDecision.csproj", "{105C61FC-3AEF-4984-9409-B8E8E1BA6604}"
EndProject
Project("{FAE04EC0-301F-11D3-BF4B-00C04F79EFBC}") = "04_Loops", "04_Loops\04_Loops.csproj", "{89EA2314-93A5-47D0-B911-FB42492E1CCB}"
EndProject
Project("{FAE04EC0-301F-11D3-BF4B-00C04F79EFBC}") = "05_LoopsWithStars", "05_LoopsWithStars\05_LoopsWithStars.csproj", "{051E62EF-186F-4202-A665-7CCD089BAABD}"
EndProject
Project("{FAE04EC0-301F-11D3-BF4B-00C04F79EFBC}") = "06_Arrays", "06_Arrays\06_Arrays.csproj", "{1BEBE64B-8688-498E-940D-34CE7A98A99A}"
EndProject
Project("{FAE04EC0-301F-11D3-BF4B-00C04F79EFBC}") = "07_ForeachLoop", "07_ForeachLoop\07_ForeachLoop.csproj", "{57D043BC-231F-4E24-8F04-E48A31FA0DCE}"
EndProject
Project("{FAE04EC0-301F-11D3-BF4B-00C04F79EFBC}") = "08_Methods", "08_Methods\08_Methods.csproj", "{7DD8E939-7B35-4290-9030-1DFE2DFE107F}"
EndProject
Project("{FAE04EC0-301F-11D3-BF4B-00C04F79EFBC}") = "09_DatabaseProject", "09_DatabaseProject\09_DatabaseProject.csproj", "{A142F253-3458-43D7-A0AD-DCA0D1843129}"
EndProject
Project("{FAE04EC0-301F-11D3-BF4B-00C04F79EFBC}") = "10_DatabaseCrud1", "10_DatabaseCrud1\10_DatabaseCrud1.csproj", "{C7A41CBB-90AC-428E-8571-80313F91524D}"
EndProject
Global
	GlobalSection(SolutionConfigurationPlatforms) = preSolution
		Debug|Any CPU = Debug|Any CPU
		Release|Any CPU = Release|Any CPU
	EndGlobalSection
	GlobalSection(ProjectConfigurationPlatforms) = postSolution
		{25BE6BF7-18E2-43DA-B4BB-6394A9CAECFA}.Debug|Any CPU.ActiveCfg = Debug|Any CPU
		{25BE6BF7-18E2-43DA-B4BB-6394A9CAECFA}.Debug|Any CPU.Build.0 = Debug|Any CPU
		{25BE6BF7-18E2-43DA-B4BB-6394A9CAECFA}.Release|Any CPU.ActiveCfg = Release|Any CPU
		{25BE6BF7-18E2-43DA-B4BB-6394A9CAECFA}.Release|Any CPU.Build.0 = Release|Any CPU
		{73580A2D-DE0D-45F0-808D-6CC7441D1D06}.Debug|Any CPU.ActiveCfg = Debug|Any CPU
		{73580A2D-DE0D-45F0-808D-6CC7441D1D06}.Debug|Any CPU.Build.0 = Debug|Any CPU
		{73580A2D-DE0D-45F0-808D-6CC7441D1D06}.Release|Any CPU.ActiveCfg = Release|Any CPU
		{73580A2D-DE0D-45F0-808D-6CC7441D1D06}.Release|Any CPU.Build.0 = Release|Any CPU
		{105C61FC-3AEF-4984-9409-B8E8E1BA6604}.Debug|Any CPU.ActiveCfg = Debug|Any CPU
		{105C61FC-3AEF-4984-9409-B8E8E1BA6604}.Debug|Any CPU.Build.0 = Debug|Any CPU
		{105C61FC-3AEF-4984-9409-B8E8E1BA6604}.Release|Any CPU.ActiveCfg = Release|Any CPU
		{105C61FC-3AEF-4984-9409-B8E8E1BA6604}.Release|Any CPU.Build.0 = Release|Any CPU
		{89EA2314-93A5-47D0-B911-FB42492E1CCB}.Debug|Any CPU.ActiveCfg = Debug|Any CPU
		{89EA2314-93A5-47D0-B911-FB42492E1CCB}.Debug|Any CPU.Build.0 = Debug|Any CPU
		{89EA2314-93A5-47D0-B911-FB42492E1CCB}.Release|Any CPU.ActiveCfg = Release|Any CPU
		{89EA2314-93A5-47D0-B911-FB42492E1CCB}.Release|Any CPU.Build.0 = Release|Any CPU
		{051E62EF-186F-4202-A665-7CCD089BAABD}.Debug|Any CPU.ActiveCfg = Debug|Any CPU
		{051E62EF-186F-4202-A665-7CCD089BAABD}.Debug|Any CPU.Build.0 = Debug|Any CPU
		{051E62EF-186F-4202-A665-7CCD089BAABD}.Release|Any CPU.ActiveCfg = Release|Any CPU
		{051E62EF-186F-4202-A665-7CCD089BAABD}.Release|Any CPU.Build.0 = Release|Any CPU
		{1BEBE64B-8688-498E-940D-34CE7A98A99A}.Debug|Any CPU.ActiveCfg = Debug|Any CPU
		{1BEBE64B-8688-498E-940D-34CE7A98A99A}.Debug|Any CPU.Build.0 = Debug|Any CPU
		{1BEBE64B-8688-498E-940D-34CE7A98A99A}.Release|Any CPU.ActiveCfg = Release|Any CPU
		{1BEBE64B-8688-498E-940D-34CE7A98A99A}.Release|Any CPU.Build.0 = Release|Any CPU
		{57D043BC-231F-4E24-8F04-E48A31FA0DCE}.Debug|Any CPU.ActiveCfg = Debug|Any CPU
		{57D043BC-231F-4E24-8F04-E48A31FA0DCE}.Debug|Any CPU.Build.0 = Debug|Any CPU
		{57D043BC-231F-4E24-8F04-E48A31FA0DCE}.Release|Any CPU.ActiveCfg = Release|Any CPU
		{57D043BC-231F-4E24-8F04-E48A31FA0DCE}.Release|Any CPU.Build.0 = Release|Any CPU
		{7DD8E939-7B35-4290-9030-1DFE2DFE107F}.Debug|Any CPU.ActiveCfg = Debug|Any CPU
		{7DD8E939-7B35-4290-9030-1DFE2DFE107F}.Debug|Any CPU.Build.0 = Debug|Any CPU
		{7DD8E939-7B35-4290-9030-1DFE2DFE107F}.Release|Any CPU.ActiveCfg = Release|Any CPU
		{7DD8E939-7B35-4290-9030-1DFE2DFE107F}.Release|Any CPU.Build.0 = Release|Any CPU
		{A142F253-3458-43D7-A0AD-DCA0D1843129}.Debug|Any CPU.ActiveCfg = Debug|Any CPU
		{A142F253-3458-43D7-A0AD-DCA0D1843129}.Debug|Any CPU.Build.0 = Debug|Any CPU
		{A142F253-3458-43D7-A0AD-DCA0D1843129}.Release|Any CPU.ActiveCfg = Release|Any CPU
		{A142F253-3458-43D7-A0AD-DCA0D1843129}.Release|Any CPU.Build.0 = Release|Any CPU
		{C7A41CBB-90AC-428E-8571-80313F91524D}.Debug|Any CPU.ActiveCfg = Debug|Any CPU
		{C7A41CBB-90AC-428E-8571-80313F91524D}.Debug|Any CPU.Build.0 = Debug|Any CPU
		{C7A41CBB-90AC-428E-8571-80313F91524D}.Release|Any CPU.ActiveCfg = Release|Any CPU
		{C7A41CBB-90AC-428E-8571-80313F91524D}.Release|Any CPU.Build.0 = Release|Any CPU
	EndGlobalSection
	GlobalSection(SolutionProperties) = preSolution
		HideSolutionNode = FALSE
	EndGlobalSection
	GlobalSection(ExtensibilityGlobals) = postSolution
		SolutionGuid = {D08AAD25-58DB-413C-8DE7-22CAF3749D1D}
	EndGlobalSection
EndGlobal
